{
  "name": "poc-azure-functions-with-session",
  "version": "1.0.0",
  "lockfileVersion": 1,
  "requires": true,
  "dependencies": {
    "cookie": {
      "version": "0.4.0",
      "resolved": "https://npmregistry-rw.herokuapp.com/cookie/-/cookie-0.4.0/beb437e7022b3b6d49019d088665303ebe9c14ba.tgz",
      "integrity": "sha512-+Hp8fLp57wnUSt0tY0tHEXh4voZRDnoIrZPqlo3DPiI4y9lwg/jqx+1Om94/W6ZaPDOUbnjOt/99w66zk+l1Xg=="
    },
    "double-ended-queue": {
      "version": "2.1.0-0",
      "resolved": "https://npmregistry-rw.herokuapp.com/double-ended-queue/-/double-ended-queue-2.1.0-0/103d3527fd31528f40188130c841efdd78264e5c.tgz",
      "integrity": "sha1-ED01J/0xUo9AGIEwyEHv3XgmTlw="
    },
    "redis": {
      "version": "2.8.0",
      "resolved": "https://npmregistry-rw.herokuapp.com/redis/-/redis-2.8.0/202288e3f58c49f6079d97af7a10e1303ae14b02.tgz",
      "integrity": "sha512-M1OkonEQwtRmZv4tEWF2VgpG0JWJ8Fv1PhlgT5+B+uNq2cA3Rt1Yt/ryoR+vQNOQcIEgdCdfH0jr3bDpihAw1A==",
      "requires": {
        "double-ended-queue": "^2.1.0-0",
        "redis-commands": "^1.2.0",
        "redis-parser": "^2.6.0"
      }
    },
    "redis-commands": {
      "version": "1.5.0",
      "resolved": "https://npmregistry-rw.herokuapp.com/redis-commands/-/redis-commands-1.5.0/80d2e20698fe688f227127ff9e5164a7dd17e785.tgz",
      "integrity": "sha512-6KxamqpZ468MeQC3bkWmCB1fp56XL64D4Kf0zJSwDZbVLLm7KFkoIcHrgRvQ+sk8dnhySs7+yBg94yIkAK7aJg=="
    },
    "redis-parser": {
      "version": "2.6.0",
      "resolved": "https://npmregistry-rw.herokuapp.com/redis-parser/-/redis-parser-2.6.0/52ed09dacac108f1a631c07e9b69941e7a19504b.tgz",
      "integrity": "sha1-Uu0J2srBCPGmMcB+m2mUHnoZUEs="
    }
  }
}
